
Microsoft Visual Studio Solution File, Format Version 12.00
# Visual Studio 15
VisualStudioVersion = 15.0.27428.2037
MinimumVisualStudioVersion = 10.0.40219.1
Project("{8BC9CEB8-8B4A-11D0-8D11-00A0C91BC942}") = "whatismyip", "whatismyip\whatismyip.vcxproj", "{6009E6D3-8F6F-4ABA-8A96-ACA09EAE518D}"
EndProject
Project("{8BC9CEB8-8B4A-11D0-8D11-00A0C91BC942}") = "whatismyip_service", "windows_service\windows_service.vcxproj", "{DA178FD3-A4F8-4768-A3D4-1BF7D0DCF473}"
EndProject
Global
	GlobalSection(SolutionConfigurationPlatforms) = preSolution
		Debug DLL|x64 = Debug DLL|x64
		Debug|x64 = Debug|x64
		Release DLL|x64 = Release DLL|x64
		Release|x64 = Release|x64
	EndGlobalSection
	GlobalSection(ProjectConfigurationPlatforms) = postSolution
		{6009E6D3-8F6F-4ABA-8A96-ACA09EAE518D}.Debug DLL|x64.ActiveCfg = Debug|Win32
		{6009E6D3-8F6F-4ABA-8A96-ACA09EAE518D}.Debug|x64.ActiveCfg = Debug|x64
		{6009E6D3-8F6F-4ABA-8A96-ACA09EAE518D}.Debug|x64.Build.0 = Debug|x64
		{6009E6D3-8F6F-4ABA-8A96-ACA09EAE518D}.Release DLL|x64.ActiveCfg = Release|Win32
		{6009E6D3-8F6F-4ABA-8A96-ACA09EAE518D}.Release|x64.ActiveCfg = Release|x64
		{6009E6D3-8F6F-4ABA-8A96-ACA09EAE518D}.Release|x64.Build.0 = Release|x64
		{DA178FD3-A4F8-4768-A3D4-1BF7D0DCF473}.Debug DLL|x64.ActiveCfg = Debug|Win32
		{DA178FD3-A4F8-4768-A3D4-1BF7D0DCF473}.Debug|x64.ActiveCfg = Debug|x64
		{DA178FD3-A4F8-4768-A3D4-1BF7D0DCF473}.Debug|x64.Build.0 = Debug|x64
		{DA178FD3-A4F8-4768-A3D4-1BF7D0DCF473}.Release DLL|x64.ActiveCfg = Release|Win32
		{DA178FD3-A4F8-4768-A3D4-1BF7D0DCF473}.Release|x64.ActiveCfg = Release|x64
		{DA178FD3-A4F8-4768-A3D4-1BF7D0DCF473}.Release|x64.Build.0 = Release|x64
	EndGlobalSection
	GlobalSection(SolutionProperties) = preSolution
		HideSolutionNode = FALSE
	EndGlobalSection
	GlobalSection(ExtensibilityGlobals) = postSolution
		SolutionGuid = {CB89C719-C195-45C8-A5A9-E3D42138FD8F}
	EndGlobalSection
EndGlobal
